// !$*UTF8*$!
{
	archiveVersion = 1;
	classes = {
	};
	objectVersion = 39;
	objects = {
		080E96DDFE201D6D7F000001 = {
			children = (
				C4FDD204073E2BA300B2363E,
				C4FDD205073E2BA300B2363E,
				C4FDD206073E2BA300B2363E,
				C4FDD207073E2BA300B2363E,
				C4FDD208073E2BA300B2363E,
				C4FDD209073E2BA300B2363E,
			);
			isa = PBXGroup;
			name = Classes;
			refType = 4;
			sourceTree = "<group>";
		};
		089C165CFE840E0CC02AAC07 = {
			children = (
				089C165DFE840E0CC02AAC07,
			);
			isa = PBXVariantGroup;
			name = InfoPlist.strings;
			refType = 4;
			sourceTree = "<group>";
		};
		089C165DFE840E0CC02AAC07 = {
			fileEncoding = 10;
			isa = PBXFileReference;
			lastKnownFileType = text.plist.strings;
			name = English;
			path = English.lproj/InfoPlist.strings;
			refType = 4;
			sourceTree = "<group>";
		};
//080
//081
//082
//083
//084
//100
//101
//102
//103
//104
		1058C7A0FEA54F0111CA2CBB = {
			children = (
				C49841F7073B23E800AC5FC1,
				C49841F9073B240C00AC5FC1,
				C49841FA073B240C00AC5FC1,
				C49841FB073B240C00AC5FC1,
				C49841FC073B240C00AC5FC1,
				C49841DE073B23BE00AC5FC1,
				1058C7A1FEA54F0111CA2CBB,
			);
			isa = PBXGroup;
			name = "Linked Frameworks";
			refType = 4;
			sourceTree = "<group>";
		};
		1058C7A1FEA54F0111CA2CBB = {
			isa = PBXFileReference;
			lastKnownFileType = wrapper.framework;
			name = Cocoa.framework;
			path = /System/Library/Frameworks/Cocoa.framework;
			refType = 0;
			sourceTree = "<absolute>";
		};
		1058C7A2FEA54F0111CA2CBB = {
			children = (
				29B97325FDCFA39411CA2CEA,
				29B97324FDCFA39411CA2CEA,
			);
			isa = PBXGroup;
			name = "Other Frameworks";
			refType = 4;
			sourceTree = "<group>";
		};
//100
//101
//102
//103
//104
//190
//191
//192
//193
//194
		19C28FACFE9D520D11CA2CBB = {
			children = (
				8D1107320486CEB800E47090,
			);
			isa = PBXGroup;
			name = Products;
			refType = 4;
			sourceTree = "<group>";
		};
//190
//191
//192
//193
//194
//290
//291
//292
//293
//294
		29B97313FDCFA39411CA2CEA = {
			buildSettings = {
			};
			buildStyles = (
				4A9504CCFFE6A4B311CA0CBA,
				4A9504CDFFE6A4B311CA0CBA,
			);
			hasScannedForEncodings = 1;
			isa = PBXProject;
			mainGroup = 29B97314FDCFA39411CA2CEA;
			projectDirPath = "";
			targets = (
				8D1107260486CEB800E47090,
			);
		};
		29B97314FDCFA39411CA2CEA = {
			children = (
				C4984231073B278C00AC5FC1,
				080E96DDFE201D6D7F000001,
				29B97315FDCFA39411CA2CEA,
				29B97317FDCFA39411CA2CEA,
				29B97323FDCFA39411CA2CEA,
				19C28FACFE9D520D11CA2CBB,
			);
			isa = PBXGroup;
			name = ShtoomAudioServer;
			path = "";
			refType = 4;
			sourceTree = "<group>";
		};
		29B97315FDCFA39411CA2CEA = {
			children = (
				32CA4F630368D1EE00C91783,
				29B97316FDCFA39411CA2CEA,
			);
			isa = PBXGroup;
			name = "Other Sources";
			path = "";
			refType = 4;
			sourceTree = "<group>";
		};
		29B97316FDCFA39411CA2CEA = {
			fileEncoding = 4;
			isa = PBXFileReference;
			lastKnownFileType = sourcecode.c.objc;
			path = main.m;
			refType = 4;
			sourceTree = "<group>";
		};
		29B97317FDCFA39411CA2CEA = {
			children = (
				C4984211073B24B600AC5FC1,
				8D1107310486CEB800E47090,
				089C165CFE840E0CC02AAC07,
				29B97318FDCFA39411CA2CEA,
			);
			isa = PBXGroup;
			name = Resources;
			path = "";
			refType = 4;
			sourceTree = "<group>";
		};
		29B97318FDCFA39411CA2CEA = {
			children = (
				29B97319FDCFA39411CA2CEA,
			);
			isa = PBXVariantGroup;
			name = MainMenu.nib;
			path = "";
			refType = 4;
			sourceTree = "<group>";
		};
		29B97319FDCFA39411CA2CEA = {
			isa = PBXFileReference;
			lastKnownFileType = wrapper.nib;
			name = English;
			path = English.lproj/MainMenu.nib;
			refType = 4;
			sourceTree = "<group>";
		};
		29B97323FDCFA39411CA2CEA = {
			children = (
				1058C7A0FEA54F0111CA2CBB,
				1058C7A2FEA54F0111CA2CBB,
			);
			isa = PBXGroup;
			name = Frameworks;
			path = "";
			refType = 4;
			sourceTree = "<group>";
		};
		29B97324FDCFA39411CA2CEA = {
			isa = PBXFileReference;
			lastKnownFileType = wrapper.framework;
			name = AppKit.framework;
			path = /System/Library/Frameworks/AppKit.framework;
			refType = 0;
			sourceTree = "<absolute>";
		};
		29B97325FDCFA39411CA2CEA = {
			isa = PBXFileReference;
			lastKnownFileType = wrapper.framework;
			name = Foundation.framework;
			path = /System/Library/Frameworks/Foundation.framework;
			refType = 0;
			sourceTree = "<absolute>";
		};
//290
//291
//292
//293
//294
//320
//321
//322
//323
//324
		32CA4F630368D1EE00C91783 = {
			fileEncoding = 4;
			isa = PBXFileReference;
			lastKnownFileType = sourcecode.c.h;
			path = ShtoomAudioServer_Prefix.pch;
			refType = 4;
			sourceTree = "<group>";
		};
//320
//321
//322
//323
//324
//4A0
//4A1
//4A2
//4A3
//4A4
		4A9504CCFFE6A4B311CA0CBA = {
			buildSettings = {
				COPY_PHASE_STRIP = NO;
				GCC_DYNAMIC_NO_PIC = NO;
				GCC_ENABLE_FIX_AND_CONTINUE = YES;
				GCC_GENERATE_DEBUGGING_SYMBOLS = YES;
				GCC_OPTIMIZATION_LEVEL = 0;
				ZERO_LINK = YES;
			};
			isa = PBXBuildStyle;
			name = Development;
		};
		4A9504CDFFE6A4B311CA0CBA = {
			buildSettings = {
				COPY_PHASE_STRIP = YES;
				GCC_ENABLE_FIX_AND_CONTINUE = NO;
				ZERO_LINK = NO;
			};
			isa = PBXBuildStyle;
			name = Deployment;
		};
//4A0
//4A1
//4A2
//4A3
//4A4
//8D0
//8D1
//8D2
//8D3
//8D4
		8D1107260486CEB800E47090 = {
			buildPhases = (
				8D1107290486CEB800E47090,
				8D11072C0486CEB800E47090,
				8D11072E0486CEB800E47090,
			);
			buildRules = (
			);
			buildSettings = {
				GCC_ENABLE_OBJC_EXCEPTIONS = YES;
				GCC_GENERATE_DEBUGGING_SYMBOLS = NO;
				GCC_PRECOMPILE_PREFIX_HEADER = YES;
				GCC_PREFIX_HEADER = ShtoomAudioServer_Prefix.pch;
				INFOPLIST_FILE = Info.plist;
				INSTALL_PATH = "$(HOME)/Applications";
				LIBRARY_SEARCH_PATHS = /usr/lib/gcc/darwin/3.3;
				PRODUCT_NAME = ShtoomAudioServer;
				WRAPPER_EXTENSION = app;
			};
			dependencies = (
			);
			isa = PBXNativeTarget;
			name = ShtoomAudioServer;
			productInstallPath = "$(HOME)/Applications";
			productName = ShtoomAudioServer;
			productReference = 8D1107320486CEB800E47090;
			productType = "com.apple.product-type.application";
		};
		8D1107290486CEB800E47090 = {
			buildActionMask = 2147483647;
			files = (
				8D11072A0486CEB800E47090,
				8D11072B0486CEB800E47090,
				C4984213073B24B600AC5FC1,
				C4FDD20A073E2BA300B2363E,
				C4FDD20C073E2BA300B2363E,
				C4FDD20E073E2BA300B2363E,
			);
			isa = PBXResourcesBuildPhase;
			runOnlyForDeploymentPostprocessing = 0;
		};
		8D11072A0486CEB800E47090 = {
			fileRef = 29B97318FDCFA39411CA2CEA;
			isa = PBXBuildFile;
			settings = {
			};
		};
		8D11072B0486CEB800E47090 = {
			fileRef = 089C165CFE840E0CC02AAC07;
			isa = PBXBuildFile;
			settings = {
			};
		};
		8D11072C0486CEB800E47090 = {
			buildActionMask = 2147483647;
			files = (
				C4B775EE073B56E5001FE78F,
				C4FDD20B073E2BA300B2363E,
				C4FDD20D073E2BA300B2363E,
				C4FDD20F073E2BA300B2363E,
			);
			isa = PBXSourcesBuildPhase;
			runOnlyForDeploymentPostprocessing = 0;
		};
		8D11072E0486CEB800E47090 = {
			buildActionMask = 2147483647;
			files = (
				8D11072F0486CEB800E47090,
				C49841DF073B23BE00AC5FC1,
				C49841F8073B23E800AC5FC1,
				C49841FD073B240C00AC5FC1,
				C49841FE073B240C00AC5FC1,
				C49841FF073B240C00AC5FC1,
				C4984200073B240C00AC5FC1,
			);
			isa = PBXFrameworksBuildPhase;
			runOnlyForDeploymentPostprocessing = 0;
		};
		8D11072F0486CEB800E47090 = {
			fileRef = 1058C7A1FEA54F0111CA2CBB;
			isa = PBXBuildFile;
			settings = {
			};
		};
		8D1107310486CEB800E47090 = {
			fileEncoding = 4;
			isa = PBXFileReference;
			lastKnownFileType = text.plist;
			path = Info.plist;
			refType = 4;
			sourceTree = "<group>";
		};
		8D1107320486CEB800E47090 = {
			explicitFileType = wrapper.application;
			includeInIndex = 0;
			isa = PBXFileReference;
			path = ShtoomAudioServer.app;
			refType = 3;
			sourceTree = BUILT_PRODUCTS_DIR;
		};
//8D0
//8D1
//8D2
//8D3
//8D4
//C40
//C41
//C42
//C43
//C44
		C49841DE073B23BE00AC5FC1 = {
			isa = PBXFileReference;
			lastKnownFileType = wrapper.framework;
			name = MTCoreAudio.framework;
			path = /Library/Frameworks/MTCoreAudio.framework;
			refType = 0;
			sourceTree = "<absolute>";
		};
		C49841DF073B23BE00AC5FC1 = {
			fileRef = C49841DE073B23BE00AC5FC1;
			isa = PBXBuildFile;
			settings = {
			};
		};
		C49841F7073B23E800AC5FC1 = {
			isa = PBXFileReference;
			lastKnownFileType = archive.ar;
			name = "libstdc++.a";
			path = "/usr/lib/gcc/darwin/3.3/libstdc++.a";
			refType = 0;
			sourceTree = "<absolute>";
		};
		C49841F8073B23E800AC5FC1 = {
			fileRef = C49841F7073B23E800AC5FC1;
			isa = PBXBuildFile;
			settings = {
			};
		};
		C49841F9073B240C00AC5FC1 = {
			isa = PBXFileReference;
			lastKnownFileType = wrapper.framework;
			name = AudioToolbox.framework;
			path = /System/Library/Frameworks/AudioToolbox.framework;
			refType = 0;
			sourceTree = "<absolute>";
		};
		C49841FA073B240C00AC5FC1 = {
			isa = PBXFileReference;
			lastKnownFileType = wrapper.framework;
			name = AudioUnit.framework;
			path = /System/Library/Frameworks/AudioUnit.framework;
			refType = 0;
			sourceTree = "<absolute>";
		};
		C49841FB073B240C00AC5FC1 = {
			isa = PBXFileReference;
			lastKnownFileType = wrapper.framework;
			name = CoreAudio.framework;
			path = /System/Library/Frameworks/CoreAudio.framework;
			refType = 0;
			sourceTree = "<absolute>";
		};
		C49841FC073B240C00AC5FC1 = {
			isa = PBXFileReference;
			lastKnownFileType = wrapper.framework;
			name = CoreServices.framework;
			path = /System/Library/Frameworks/CoreServices.framework;
			refType = 0;
			sourceTree = "<absolute>";
		};
		C49841FD073B240C00AC5FC1 = {
			fileRef = C49841F9073B240C00AC5FC1;
			isa = PBXBuildFile;
			settings = {
			};
		};
		C49841FE073B240C00AC5FC1 = {
			fileRef = C49841FA073B240C00AC5FC1;
			isa = PBXBuildFile;
			settings = {
			};
		};
		C49841FF073B240C00AC5FC1 = {
			fileRef = C49841FB073B240C00AC5FC1;
			isa = PBXBuildFile;
			settings = {
			};
		};
		C4984200073B240C00AC5FC1 = {
			fileRef = C49841FC073B240C00AC5FC1;
			isa = PBXBuildFile;
			settings = {
			};
		};
		C4984211073B24B600AC5FC1 = {
			children = (
				C4984212073B24B600AC5FC1,
			);
			isa = PBXVariantGroup;
			name = AudioMonitorDocument.nib;
			path = "";
			refType = 4;
			sourceTree = "<group>";
		};
		C4984212073B24B600AC5FC1 = {
			isa = PBXFileReference;
			lastKnownFileType = wrapper.nib;
			name = English;
			path = /Volumes/Meth/src/ShtoomAudioServer/English.lproj/AudioMonitorDocument.nib;
			refType = 0;
			sourceTree = "<absolute>";
		};
		C4984213073B24B600AC5FC1 = {
			fileRef = C4984211073B24B600AC5FC1;
			isa = PBXBuildFile;
			settings = {
			};
		};
		C4984231073B278C00AC5FC1 = {
			children = (
				C4984233073B27BE00AC5FC1,
				C4984234073B27BE00AC5FC1,
			);
			isa = PBXGroup;
			name = SampleUnit;
			refType = 4;
			sourceTree = "<group>";
		};
		C4984233073B27BE00AC5FC1 = {
			fileEncoding = 4;
			isa = PBXFileReference;
			lastKnownFileType = sourcecode.c.h;
			path = SampleUnit.h;
			refType = 4;
			sourceTree = "<group>";
		};
		C4984234073B27BE00AC5FC1 = {
			fileEncoding = 4;
			isa = PBXFileReference;
			lastKnownFileType = sourcecode.c.objc;
			path = SampleUnit.m;
			refType = 4;
			sourceTree = "<group>";
		};
		C4B775EE073B56E5001FE78F = {
			fileRef = 29B97316FDCFA39411CA2CEA;
			isa = PBXBuildFile;
			settings = {
			};
		};
		C4FDD204073E2BA300B2363E = {
			fileEncoding = 4;
			isa = PBXFileReference;
			lastKnownFileType = sourcecode.c.h;
			path = AudioMonitorDocument.h;
			refType = 4;
			sourceTree = "<group>";
		};
		C4FDD205073E2BA300B2363E = {
			fileEncoding = 4;
			isa = PBXFileReference;
			lastKnownFileType = sourcecode.c.objc;
			path = AudioMonitorDocument.m;
			refType = 4;
			sourceTree = "<group>";
		};
		C4FDD206073E2BA300B2363E = {
			fileEncoding = 4;
			isa = PBXFileReference;
			lastKnownFileType = sourcecode.c.h;
			path = MTAudioDeviceBrowser.h;
			refType = 4;
			sourceTree = "<group>";
		};
		C4FDD207073E2BA300B2363E = {
			fileEncoding = 4;
			isa = PBXFileReference;
			lastKnownFileType = sourcecode.c.objc;
			path = MTAudioDeviceBrowser.m;
			refType = 4;
			sourceTree = "<group>";
		};
		C4FDD208073E2BA300B2363E = {
			fileEncoding = 4;
			isa = PBXFileReference;
			lastKnownFileType = sourcecode.c.h;
			path = MTConversionBuffer.h;
			refType = 4;
			sourceTree = "<group>";
		};
		C4FDD209073E2BA300B2363E = {
			fileEncoding = 4;
			isa = PBXFileReference;
			lastKnownFileType = sourcecode.c.objc;
			path = MTConversionBuffer.m;
			refType = 4;
			sourceTree = "<group>";
		};
		C4FDD20A073E2BA300B2363E = {
			fileRef = C4FDD204073E2BA300B2363E;
			isa = PBXBuildFile;
			settings = {
			};
		};
		C4FDD20B073E2BA300B2363E = {
			fileRef = C4FDD205073E2BA300B2363E;
			isa = PBXBuildFile;
			settings = {
			};
		};
		C4FDD20C073E2BA300B2363E = {
			fileRef = C4FDD206073E2BA300B2363E;
			isa = PBXBuildFile;
			settings = {
			};
		};
		C4FDD20D073E2BA300B2363E = {
			fileRef = C4FDD207073E2BA300B2363E;
			isa = PBXBuildFile;
			settings = {
			};
		};
		C4FDD20E073E2BA300B2363E = {
			fileRef = C4FDD208073E2BA300B2363E;
			isa = PBXBuildFile;
			settings = {
			};
		};
		C4FDD20F073E2BA300B2363E = {
			fileRef = C4FDD209073E2BA300B2363E;
			isa = PBXBuildFile;
			settings = {
			};
		};
	};
	rootObject = 29B97313FDCFA39411CA2CEA;
}
